
Microsoft Visual Studio Solution File, Format Version 12.00
# Visual Studio Version 16
VisualStudioVersion = 16.0.30225.117
MinimumVisualStudioVersion = 10.0.40219.1
Project("{FAE04EC0-301F-11D3-BF4B-00C04F79EFBC}") = "WebApiREST", "WebApiREST\WebApiREST.csproj", "{E85295A5-45C0-4C0B-8AE1-777A988B37EC}"
EndProject
Global
	GlobalSection(SolutionConfigurationPlatforms) = preSolution
		Debug|Any CPU = Debug|Any CPU
		Release|Any CPU = Release|Any CPU
	EndGlobalSection
	GlobalSection(ProjectConfigurationPlatforms) = postSolution
		{E85295A5-45C0-4C0B-8AE1-777A988B37EC}.Debug|Any CPU.ActiveCfg = Debug|Any CPU
		{E85295A5-45C0-4C0B-8AE1-777A988B37EC}.Debug|Any CPU.Build.0 = Debug|Any CPU
		{E85295A5-45C0-4C0B-8AE1-777A988B37EC}.Release|Any CPU.ActiveCfg = Release|Any CPU
		{E85295A5-45C0-4C0B-8AE1-777A988B37EC}.Release|Any CPU.Build.0 = Release|Any CPU
	EndGlobalSection
	GlobalSection(SolutionProperties) = preSolution
		HideSolutionNode = FALSE
	EndGlobalSection
	GlobalSection(ExtensibilityGlobals) = postSolution
		SolutionGuid = {DEEF64A3-0DF2-4823-92BA-E1B00565E3CA}
	EndGlobalSection
EndGlobal
